PODS:
  - Kingfisher (4.10.1)
  - SHCHUD (1.1.8)
  - SHCPhoto (0.1.0):
    - Kingfisher
    - SHCHUD
    - SnapKit
  - SnapKit (4.2.0)

DEPENDENCIES:
  - SHCPhoto (from `../`)

SPEC REPOS:
  https://github.com/cocoapods/specs.git:
    - Kingfisher
    - SHCHUD
    - SnapKit

EXTERNAL SOURCES:
  SHCPhoto:
    :path: "../"

SPEC CHECKSUMS:
  Kingfisher: c148cd7b47ebde9989f6bc7c27dcaa79d81279a0
  SHCHUD: 70867f5c97dc560b12de03b972592b130d54e1b9
  SHCPhoto: 9e85850a1ddccdd5897aeba312afa2deb9c48257
  SnapKit: fe8a619752f3f27075cc9a90244d75c6c3f27e2a

PODFILE CHECKSUM: 1bd16be0ed14985ff452044b14998f1a35bf84bd

COCOAPODS: 1.5.3
